PODS:
  - FLAnimatedImage (1.0.1)
  - GData (1.12.0):
    - GData/Core
    - GData/XMLNode
    - gtm-oauth2
    - GTMHTTPFetcher
  - GData/Core (1.12.0):
    - gtm-oauth2
    - GTMHTTPFetcher
  - GData/XMLNode (1.12.0):
    - gtm-oauth2
    - GTMHTTPFetcher
  - Google-Mobile-Ads-SDK (6.12.0)
  - GoogleAnalytics-iOS-SDK (3.0.9)
  - gtm-oauth2 (0.1.0):
    - GTMHTTPFetcher
  - GTMHTTPFetcher (0.1.0)
  - KKStaticTableView (0.1.0)
  - LXReorderableCollectionViewFlowLayout (0.1.1)
  - PAImageScrollView (0.2.1)
  - Reachability (3.1.1)
  - SDWebImage (3.7.1):
    - SDWebImage/Core
  - SDWebImage/Core (3.7.1)
  - SFHFKeychainUtils (0.0.1)
  - UAAppReviewManager (0.2.6)

DEPENDENCIES:
  - FLAnimatedImage
  - GData
  - Google-Mobile-Ads-SDK
  - GoogleAnalytics-iOS-SDK
  - KKStaticTableView (from `git@github.com:ifapmzadu6/KKStaticTableView.git`)
  - LXReorderableCollectionViewFlowLayout
  - PAImageScrollView (from `git@github.com:ifapmzadu6/PAImageScrollView.git`)
  - Reachability
  - SDWebImage
  - SFHFKeychainUtils
  - UAAppReviewManager

EXTERNAL SOURCES:
  KKStaticTableView:
    :git: git@github.com:ifapmzadu6/KKStaticTableView.git
  PAImageScrollView:
    :git: git@github.com:ifapmzadu6/PAImageScrollView.git

SPEC CHECKSUMS:
  FLAnimatedImage: a91333b191d57ecf7f86b85bf93145a7f63dafe5
  GData: 99d19dd8ee328ce77d12d504ddf9b0e0a6e3bc0d
  Google-Mobile-Ads-SDK: b1b5cfd1b604a8412faa5536586b13a4b640f344
  GoogleAnalytics-iOS-SDK: d9e198b1f955259a72886769be7377cdfcdb2250
  gtm-oauth2: 64f2d404a50676ab63b5437a02a7567da8f8b7fa
  GTMHTTPFetcher: 0f02d5a5803dd08736462981064de6a7f59cf9bd
  KKStaticTableView: 72430b9ddbf508e0fc574bda5aaee232ace55b82
  LXReorderableCollectionViewFlowLayout: b4e25543263e27d4c147109ae5ead01cc9119f23
  PAImageScrollView: 305ea94432f29ccc20c28828126f8ed13596b0fc
  Reachability: 8e9635e3cb4f98e7f825e51147f677ecc694d0e7
  SDWebImage: 116e88633b5b416ea0ca4b334a4ac59cf72dd38d
  SFHFKeychainUtils: 6fdda05a86d035db406c7662ec1054814b68f0fd
  UAAppReviewManager: f23428de9c9cd242c2ffd899e218ba3620bd0683

COCOAPODS: 0.34.1
