PODS:
  - Appirater (2.0.2)
  - BlocksKit (2.2.3):
    - BlocksKit/All
  - BlocksKit/All (2.2.3):
    - BlocksKit/Core
    - BlocksKit/DynamicDelegate
    - BlocksKit/MessageUI
    - BlocksKit/UIKit
  - BlocksKit/Core (2.2.3)
  - BlocksKit/DynamicDelegate (2.2.3)
  - BlocksKit/MessageUI (2.2.3):
    - BlocksKit/Core
    - BlocksKit/DynamicDelegate
  - BlocksKit/UIKit (2.2.3):
    - BlocksKit/Core
    - BlocksKit/DynamicDelegate
  - CocoaLumberjack (1.9.1):
    - CocoaLumberjack/Extensions
  - CocoaLumberjack/Core (1.9.1)
  - CocoaLumberjack/Extensions (1.9.1):
    - CocoaLumberjack/Core
  - GData (1.12.0):
    - GData/Core
    - GData/XMLNode
    - gtm-oauth2
    - GTMHTTPFetcher
  - GData/Core (1.12.0):
    - gtm-oauth2
    - GTMHTTPFetcher
  - GData/XMLNode (1.12.0):
    - gtm-oauth2
    - GTMHTTPFetcher
  - gtm-oauth2 (0.1.0):
    - GTMHTTPFetcher
  - GTMHTTPFetcher (0.1.0)
  - LXReorderableCollectionViewFlowLayout (0.1.1)
  - Reachability (3.1.1)
  - SDWebImage (3.7.1):
    - SDWebImage/Core
  - SDWebImage/Core (3.7.1)
  - SFHFKeychainUtils (0.0.1)

DEPENDENCIES:
  - Appirater
  - BlocksKit
  - CocoaLumberjack
  - GData
  - LXReorderableCollectionViewFlowLayout
  - Reachability
  - SDWebImage
  - SFHFKeychainUtils

SPEC CHECKSUMS:
  Appirater: a5e00fb01d47a9a6acf4b2f22323b4ccf4f23fbb
  BlocksKit: 07c8a80f04275efac6a5f8b973782489c083a182
  CocoaLumberjack: 94accd5749f5c5d15134c8d50f34a973aed8ef69
  GData: 99d19dd8ee328ce77d12d504ddf9b0e0a6e3bc0d
  gtm-oauth2: 64f2d404a50676ab63b5437a02a7567da8f8b7fa
  GTMHTTPFetcher: 0f02d5a5803dd08736462981064de6a7f59cf9bd
  LXReorderableCollectionViewFlowLayout: b4e25543263e27d4c147109ae5ead01cc9119f23
  Reachability: 8e9635e3cb4f98e7f825e51147f677ecc694d0e7
  SDWebImage: 116e88633b5b416ea0ca4b334a4ac59cf72dd38d
  SFHFKeychainUtils: 6fdda05a86d035db406c7662ec1054814b68f0fd

COCOAPODS: 0.33.1
