PODS:
  - Appirater (2.0.3)
  - FLAnimatedImage (1.0.1)
  - GData (1.12.0):
    - GData/Core
    - GData/XMLNode
    - gtm-oauth2
    - GTMHTTPFetcher
  - GData/Core (1.12.0):
    - gtm-oauth2
    - GTMHTTPFetcher
  - GData/XMLNode (1.12.0):
    - gtm-oauth2
    - GTMHTTPFetcher
  - Google-Mobile-Ads-SDK (6.11.1)
  - GoogleAnalytics-iOS-SDK (3.0.9)
  - gtm-oauth2 (0.1.0):
    - GTMHTTPFetcher
  - GTMHTTPFetcher (0.1.0)
  - KKStaticTableView (0.0.1)
  - LXReorderableCollectionViewFlowLayout (0.1.1)
  - Reachability (3.1.1)
  - SDWebImage (3.7.1):
    - SDWebImage/Core
  - SDWebImage/Core (3.7.1)
  - SFHFKeychainUtils (0.0.1)

DEPENDENCIES:
  - Appirater
  - FLAnimatedImage
  - GData
  - Google-Mobile-Ads-SDK
  - GoogleAnalytics-iOS-SDK
  - KKStaticTableView (from `git@github.com:ifapmzadu6/KKStaticTableView.git`)
  - LXReorderableCollectionViewFlowLayout
  - Reachability
  - SDWebImage
  - SFHFKeychainUtils

EXTERNAL SOURCES:
  KKStaticTableView:
    :git: git@github.com:ifapmzadu6/KKStaticTableView.git

SPEC CHECKSUMS:
  Appirater: 793f3723354b1b155f7ddc87fc6017bea889ce50
  FLAnimatedImage: a91333b191d57ecf7f86b85bf93145a7f63dafe5
  GData: 99d19dd8ee328ce77d12d504ddf9b0e0a6e3bc0d
  Google-Mobile-Ads-SDK: 657fcbf9436363d0f925cf905d176fb1cb10df85
  GoogleAnalytics-iOS-SDK: d9e198b1f955259a72886769be7377cdfcdb2250
  gtm-oauth2: 64f2d404a50676ab63b5437a02a7567da8f8b7fa
  GTMHTTPFetcher: 0f02d5a5803dd08736462981064de6a7f59cf9bd
  KKStaticTableView: 558f0f70846fe16c71b60f0c4f309cd3b31308d0
  LXReorderableCollectionViewFlowLayout: b4e25543263e27d4c147109ae5ead01cc9119f23
  Reachability: 8e9635e3cb4f98e7f825e51147f677ecc694d0e7
  SDWebImage: 116e88633b5b416ea0ca4b334a4ac59cf72dd38d
  SFHFKeychainUtils: 6fdda05a86d035db406c7662ec1054814b68f0fd

COCOAPODS: 0.33.1
