// !$*UTF8*$!
{
	archiveVersion = 1;
	classes = {
	};
	objectVersion = 46;
	objects = {

/* Begin PBXBuildFile section */
		710461821917725200DF369D /* PWPicasaParser.m in Sources */ = {isa = PBXBuildFile; fileRef = 710461811917725200DF369D /* PWPicasaParser.m */; };
		710461841917742A00DF369D /* CoreData.framework in Frameworks */ = {isa = PBXBuildFile; fileRef = 710461831917742A00DF369D /* CoreData.framework */; };
		710461A01917759900DF369D /* PWCoreDataAPI.m in Sources */ = {isa = PBXBuildFile; fileRef = 7104619F1917759900DF369D /* PWCoreDataAPI.m */; };
		719D922D1917848900B75D8B /* PWAlbumObject.m in Sources */ = {isa = PBXBuildFile; fileRef = 719D922C1917848900B75D8B /* PWAlbumObject.m */; };
		719D92301917848A00B75D8B /* PWPhotoMediaThumbnailObject.m in Sources */ = {isa = PBXBuildFile; fileRef = 719D922F1917848A00B75D8B /* PWPhotoMediaThumbnailObject.m */; };
		719D92331917848A00B75D8B /* PWPhotoExitObject.m in Sources */ = {isa = PBXBuildFile; fileRef = 719D92321917848A00B75D8B /* PWPhotoExitObject.m */; };
		719D92361917848A00B75D8B /* PWPhotoObject.m in Sources */ = {isa = PBXBuildFile; fileRef = 719D92351917848A00B75D8B /* PWPhotoObject.m */; };
		719D92391917848A00B75D8B /* PWPhotoMediaObject.m in Sources */ = {isa = PBXBuildFile; fileRef = 719D92381917848A00B75D8B /* PWPhotoMediaObject.m */; };
		719D923C1917848A00B75D8B /* PWPhotoLinkObject.m in Sources */ = {isa = PBXBuildFile; fileRef = 719D923B1917848A00B75D8B /* PWPhotoLinkObject.m */; };
		719D923F1917848A00B75D8B /* PWGPhotoObject.m in Sources */ = {isa = PBXBuildFile; fileRef = 719D923E1917848A00B75D8B /* PWGPhotoObject.m */; };
		719D92421917848A00B75D8B /* PWPhotoMediaContentObject.m in Sources */ = {isa = PBXBuildFile; fileRef = 719D92411917848A00B75D8B /* PWPhotoMediaContentObject.m */; };
		71E8850219115C7E005A78E0 /* Foundation.framework in Frameworks */ = {isa = PBXBuildFile; fileRef = 71E8850119115C7E005A78E0 /* Foundation.framework */; };
		71E8850419115C7E005A78E0 /* CoreGraphics.framework in Frameworks */ = {isa = PBXBuildFile; fileRef = 71E8850319115C7E005A78E0 /* CoreGraphics.framework */; };
		71E8850619115C7E005A78E0 /* UIKit.framework in Frameworks */ = {isa = PBXBuildFile; fileRef = 71E8850519115C7E005A78E0 /* UIKit.framework */; };
		71E8850C19115C7E005A78E0 /* InfoPlist.strings in Resources */ = {isa = PBXBuildFile; fileRef = 71E8850A19115C7E005A78E0 /* InfoPlist.strings */; };
		71E8850E19115C7E005A78E0 /* main.m in Sources */ = {isa = PBXBuildFile; fileRef = 71E8850D19115C7E005A78E0 /* main.m */; };
		71E8851219115C7E005A78E0 /* PWAppDelegate.m in Sources */ = {isa = PBXBuildFile; fileRef = 71E8851119115C7E005A78E0 /* PWAppDelegate.m */; };
		71E8851519115C7E005A78E0 /* Main_iPhone.storyboard in Resources */ = {isa = PBXBuildFile; fileRef = 71E8851319115C7E005A78E0 /* Main_iPhone.storyboard */; };
		71E8851819115C7E005A78E0 /* Main_iPad.storyboard in Resources */ = {isa = PBXBuildFile; fileRef = 71E8851619115C7E005A78E0 /* Main_iPad.storyboard */; };
		71E8851B19115C7E005A78E0 /* PWViewController.m in Sources */ = {isa = PBXBuildFile; fileRef = 71E8851A19115C7E005A78E0 /* PWViewController.m */; };
		71E8851D19115C7E005A78E0 /* Images.xcassets in Resources */ = {isa = PBXBuildFile; fileRef = 71E8851C19115C7E005A78E0 /* Images.xcassets */; };
		71E8852419115C7E005A78E0 /* XCTest.framework in Frameworks */ = {isa = PBXBuildFile; fileRef = 71E8852319115C7E005A78E0 /* XCTest.framework */; };
		71E8852519115C7E005A78E0 /* Foundation.framework in Frameworks */ = {isa = PBXBuildFile; fileRef = 71E8850119115C7E005A78E0 /* Foundation.framework */; };
		71E8852619115C7E005A78E0 /* UIKit.framework in Frameworks */ = {isa = PBXBuildFile; fileRef = 71E8850519115C7E005A78E0 /* UIKit.framework */; };
		71E8852E19115C7E005A78E0 /* InfoPlist.strings in Resources */ = {isa = PBXBuildFile; fileRef = 71E8852C19115C7E005A78E0 /* InfoPlist.strings */; };
		71E8853019115C7E005A78E0 /* PicasaWebAlbumTests.m in Sources */ = {isa = PBXBuildFile; fileRef = 71E8852F19115C7E005A78E0 /* PicasaWebAlbumTests.m */; };
		71E8856819115DBE005A78E0 /* Security.framework in Frameworks */ = {isa = PBXBuildFile; fileRef = 71E8856719115DBE005A78E0 /* Security.framework */; };
		71E88590191200FF005A78E0 /* libGDataTouchStaticLib.a in Frameworks */ = {isa = PBXBuildFile; fileRef = 71E885871911FAEF005A78E0 /* libGDataTouchStaticLib.a */; };
		71E8859219120188005A78E0 /* SystemConfiguration.framework in Frameworks */ = {isa = PBXBuildFile; fileRef = 71E8859119120188005A78E0 /* SystemConfiguration.framework */; };
		71E88594191204CB005A78E0 /* GTMOAuth2ViewTouch.xib in Resources */ = {isa = PBXBuildFile; fileRef = 71E88593191204CB005A78E0 /* GTMOAuth2ViewTouch.xib */; };
		71E885A219120E7A005A78E0 /* PWOAuthManager.m in Sources */ = {isa = PBXBuildFile; fileRef = 71E885A119120E7A005A78E0 /* PWOAuthManager.m */; };
		71E885A6191215A1005A78E0 /* PWPicasaAPI.m in Sources */ = {isa = PBXBuildFile; fileRef = 71E885A5191215A1005A78E0 /* PWPicasaAPI.m */; };
		71E885A919122861005A78E0 /* XmlReader.m in Sources */ = {isa = PBXBuildFile; fileRef = 71E885A819122861005A78E0 /* XmlReader.m */; settings = {COMPILER_FLAGS = "-fno-objc-arc"; }; };
		71E885AD19123360005A78E0 /* PWModel.xcdatamodeld in Sources */ = {isa = PBXBuildFile; fileRef = 71E885AB19123360005A78E0 /* PWModel.xcdatamodeld */; };
/* End PBXBuildFile section */

/* Begin PBXContainerItemProxy section */
		71E8852719115C7E005A78E0 /* PBXContainerItemProxy */ = {
			isa = PBXContainerItemProxy;
			containerPortal = 71E884F619115C7E005A78E0 /* Project object */;
			proxyType = 1;
			remoteGlobalIDString = 71E884FD19115C7E005A78E0;
			remoteInfo = PicasaWebAlbum;
		};
		71E885841911FAEF005A78E0 /* PBXContainerItemProxy */ = {
			isa = PBXContainerItemProxy;
			containerPortal = 71E8857C1911FAEF005A78E0 /* GData.xcodeproj */;
			proxyType = 2;
			remoteGlobalIDString = 4F38F6A60B66E91D00B24B81;
			remoteInfo = GDataFramework;
		};
		71E885861911FAEF005A78E0 /* PBXContainerItemProxy */ = {
			isa = PBXContainerItemProxy;
			containerPortal = 71E8857C1911FAEF005A78E0 /* GData.xcodeproj */;
			proxyType = 2;
			remoteGlobalIDString = 4F1C6E0F1027B3CE00B46459;
			remoteInfo = GDataTouchStaticLib;
		};
		71E885881911FAEF005A78E0 /* PBXContainerItemProxy */ = {
			isa = PBXContainerItemProxy;
			containerPortal = 71E8857C1911FAEF005A78E0 /* GData.xcodeproj */;
			proxyType = 2;
			remoteGlobalIDString = 4F14A9DD0B1276B70072EBB8;
			remoteInfo = GDataUnitTests;
		};
		71E8858A1911FAEF005A78E0 /* PBXContainerItemProxy */ = {
			isa = PBXContainerItemProxy;
			containerPortal = 71E8857C1911FAEF005A78E0 /* GData.xcodeproj */;
			proxyType = 2;
			remoteGlobalIDString = 4F85E018103B83B700B4C418;
			remoteInfo = GDataIPhoneUnitTests;
		};
		71E8858C1911FAEF005A78E0 /* PBXContainerItemProxy */ = {
			isa = PBXContainerItemProxy;
			containerPortal = 71E8857C1911FAEF005A78E0 /* GData.xcodeproj */;
			proxyType = 2;
			remoteGlobalIDString = 4F1AD9020B71603F00DC0485;
			remoteInfo = DevelopmentTestTool;
		};
/* End PBXContainerItemProxy section */

/* Begin PBXFileReference section */
		710461801917725200DF369D /* PWPicasaParser.h */ = {isa = PBXFileReference; fileEncoding = 4; lastKnownFileType = sourcecode.c.h; path = PWPicasaParser.h; sourceTree = "<group>"; };
		710461811917725200DF369D /* PWPicasaParser.m */ = {isa = PBXFileReference; fileEncoding = 4; lastKnownFileType = sourcecode.c.objc; path = PWPicasaParser.m; sourceTree = "<group>"; };
		710461831917742A00DF369D /* CoreData.framework */ = {isa = PBXFileReference; lastKnownFileType = wrapper.framework; name = CoreData.framework; path = System/Library/Frameworks/CoreData.framework; sourceTree = SDKROOT; };
		7104619E1917759900DF369D /* PWCoreDataAPI.h */ = {isa = PBXFileReference; fileEncoding = 4; lastKnownFileType = sourcecode.c.h; path = PWCoreDataAPI.h; sourceTree = "<group>"; };
		7104619F1917759900DF369D /* PWCoreDataAPI.m */ = {isa = PBXFileReference; fileEncoding = 4; lastKnownFileType = sourcecode.c.objc; path = PWCoreDataAPI.m; sourceTree = "<group>"; };
		719D922B1917848900B75D8B /* PWAlbumObject.h */ = {isa = PBXFileReference; fileEncoding = 4; lastKnownFileType = sourcecode.c.h; path = PWAlbumObject.h; sourceTree = "<group>"; };
		719D922C1917848900B75D8B /* PWAlbumObject.m */ = {isa = PBXFileReference; fileEncoding = 4; lastKnownFileType = sourcecode.c.objc; path = PWAlbumObject.m; sourceTree = "<group>"; };
		719D922E1917848A00B75D8B /* PWPhotoMediaThumbnailObject.h */ = {isa = PBXFileReference; fileEncoding = 4; lastKnownFileType = sourcecode.c.h; path = PWPhotoMediaThumbnailObject.h; sourceTree = "<group>"; };
		719D922F1917848A00B75D8B /* PWPhotoMediaThumbnailObject.m */ = {isa = PBXFileReference; fileEncoding = 4; lastKnownFileType = sourcecode.c.objc; path = PWPhotoMediaThumbnailObject.m; sourceTree = "<group>"; };
		719D92311917848A00B75D8B /* PWPhotoExitObject.h */ = {isa = PBXFileReference; fileEncoding = 4; lastKnownFileType = sourcecode.c.h; path = PWPhotoExitObject.h; sourceTree = "<group>"; };
		719D92321917848A00B75D8B /* PWPhotoExitObject.m */ = {isa = PBXFileReference; fileEncoding = 4; lastKnownFileType = sourcecode.c.objc; path = PWPhotoExitObject.m; sourceTree = "<group>"; };
		719D92341917848A00B75D8B /* PWPhotoObject.h */ = {isa = PBXFileReference; fileEncoding = 4; lastKnownFileType = sourcecode.c.h; path = PWPhotoObject.h; sourceTree = "<group>"; };
		719D92351917848A00B75D8B /* PWPhotoObject.m */ = {isa = PBXFileReference; fileEncoding = 4; lastKnownFileType = sourcecode.c.objc; path = PWPhotoObject.m; sourceTree = "<group>"; };
		719D92371917848A00B75D8B /* PWPhotoMediaObject.h */ = {isa = PBXFileReference; fileEncoding = 4; lastKnownFileType = sourcecode.c.h; path = PWPhotoMediaObject.h; sourceTree = "<group>"; };
		719D92381917848A00B75D8B /* PWPhotoMediaObject.m */ = {isa = PBXFileReference; fileEncoding = 4; lastKnownFileType = sourcecode.c.objc; path = PWPhotoMediaObject.m; sourceTree = "<group>"; };
		719D923A1917848A00B75D8B /* PWPhotoLinkObject.h */ = {isa = PBXFileReference; fileEncoding = 4; lastKnownFileType = sourcecode.c.h; path = PWPhotoLinkObject.h; sourceTree = "<group>"; };
		719D923B1917848A00B75D8B /* PWPhotoLinkObject.m */ = {isa = PBXFileReference; fileEncoding = 4; lastKnownFileType = sourcecode.c.objc; path = PWPhotoLinkObject.m; sourceTree = "<group>"; };
		719D923D1917848A00B75D8B /* PWGPhotoObject.h */ = {isa = PBXFileReference; fileEncoding = 4; lastKnownFileType = sourcecode.c.h; path = PWGPhotoObject.h; sourceTree = "<group>"; };
		719D923E1917848A00B75D8B /* PWGPhotoObject.m */ = {isa = PBXFileReference; fileEncoding = 4; lastKnownFileType = sourcecode.c.objc; path = PWGPhotoObject.m; sourceTree = "<group>"; };
		719D92401917848A00B75D8B /* PWPhotoMediaContentObject.h */ = {isa = PBXFileReference; fileEncoding = 4; lastKnownFileType = sourcecode.c.h; path = PWPhotoMediaContentObject.h; sourceTree = "<group>"; };
		719D92411917848A00B75D8B /* PWPhotoMediaContentObject.m */ = {isa = PBXFileReference; fileEncoding = 4; lastKnownFileType = sourcecode.c.objc; path = PWPhotoMediaContentObject.m; sourceTree = "<group>"; };
		719D92431917F62B00B75D8B /* PWModelObject.h */ = {isa = PBXFileReference; lastKnownFileType = sourcecode.c.h; path = PWModelObject.h; sourceTree = "<group>"; };
		71E884FE19115C7E005A78E0 /* PicasaWebAlbum.app */ = {isa = PBXFileReference; explicitFileType = wrapper.application; includeInIndex = 0; path = PicasaWebAlbum.app; sourceTree = BUILT_PRODUCTS_DIR; };
		71E8850119115C7E005A78E0 /* Foundation.framework */ = {isa = PBXFileReference; lastKnownFileType = wrapper.framework; name = Foundation.framework; path = System/Library/Frameworks/Foundation.framework; sourceTree = SDKROOT; };
		71E8850319115C7E005A78E0 /* CoreGraphics.framework */ = {isa = PBXFileReference; lastKnownFileType = wrapper.framework; name = CoreGraphics.framework; path = System/Library/Frameworks/CoreGraphics.framework; sourceTree = SDKROOT; };
		71E8850519115C7E005A78E0 /* UIKit.framework */ = {isa = PBXFileReference; lastKnownFileType = wrapper.framework; name = UIKit.framework; path = System/Library/Frameworks/UIKit.framework; sourceTree = SDKROOT; };
		71E8850919115C7E005A78E0 /* PicasaWebAlbum-Info.plist */ = {isa = PBXFileReference; lastKnownFileType = text.plist.xml; path = "PicasaWebAlbum-Info.plist"; sourceTree = "<group>"; };
		71E8850B19115C7E005A78E0 /* en */ = {isa = PBXFileReference; lastKnownFileType = text.plist.strings; name = en; path = en.lproj/InfoPlist.strings; sourceTree = "<group>"; };
		71E8850D19115C7E005A78E0 /* main.m */ = {isa = PBXFileReference; lastKnownFileType = sourcecode.c.objc; path = main.m; sourceTree = "<group>"; };
		71E8850F19115C7E005A78E0 /* PicasaWebAlbum-Prefix.pch */ = {isa = PBXFileReference; lastKnownFileType = sourcecode.c.h; path = "PicasaWebAlbum-Prefix.pch"; sourceTree = "<group>"; };
		71E8851019115C7E005A78E0 /* PWAppDelegate.h */ = {isa = PBXFileReference; lastKnownFileType = sourcecode.c.h; path = PWAppDelegate.h; sourceTree = "<group>"; };
		71E8851119115C7E005A78E0 /* PWAppDelegate.m */ = {isa = PBXFileReference; lastKnownFileType = sourcecode.c.objc; path = PWAppDelegate.m; sourceTree = "<group>"; };
		71E8851419115C7E005A78E0 /* Base */ = {isa = PBXFileReference; lastKnownFileType = file.storyboard; name = Base; path = Base.lproj/Main_iPhone.storyboard; sourceTree = "<group>"; };
		71E8851719115C7E005A78E0 /* Base */ = {isa = PBXFileReference; lastKnownFileType = file.storyboard; name = Base; path = Base.lproj/Main_iPad.storyboard; sourceTree = "<group>"; };
		71E8851919115C7E005A78E0 /* PWViewController.h */ = {isa = PBXFileReference; lastKnownFileType = sourcecode.c.h; path = PWViewController.h; sourceTree = "<group>"; };
		71E8851A19115C7E005A78E0 /* PWViewController.m */ = {isa = PBXFileReference; lastKnownFileType = sourcecode.c.objc; path = PWViewController.m; sourceTree = "<group>"; };
		71E8851C19115C7E005A78E0 /* Images.xcassets */ = {isa = PBXFileReference; lastKnownFileType = folder.assetcatalog; path = Images.xcassets; sourceTree = "<group>"; };
		71E8852219115C7E005A78E0 /* PicasaWebAlbumTests.xctest */ = {isa = PBXFileReference; explicitFileType = wrapper.cfbundle; includeInIndex = 0; path = PicasaWebAlbumTests.xctest; sourceTree = BUILT_PRODUCTS_DIR; };
		71E8852319115C7E005A78E0 /* XCTest.framework */ = {isa = PBXFileReference; lastKnownFileType = wrapper.framework; name = XCTest.framework; path = Library/Frameworks/XCTest.framework; sourceTree = DEVELOPER_DIR; };
		71E8852B19115C7E005A78E0 /* PicasaWebAlbumTests-Info.plist */ = {isa = PBXFileReference; lastKnownFileType = text.plist.xml; path = "PicasaWebAlbumTests-Info.plist"; sourceTree = "<group>"; };
		71E8852D19115C7E005A78E0 /* en */ = {isa = PBXFileReference; lastKnownFileType = text.plist.strings; name = en; path = en.lproj/InfoPlist.strings; sourceTree = "<group>"; };
		71E8852F19115C7E005A78E0 /* PicasaWebAlbumTests.m */ = {isa = PBXFileReference; lastKnownFileType = sourcecode.c.objc; path = PicasaWebAlbumTests.m; sourceTree = "<group>"; };
		71E8856719115DBE005A78E0 /* Security.framework */ = {isa = PBXFileReference; lastKnownFileType = wrapper.framework; name = Security.framework; path = System/Library/Frameworks/Security.framework; sourceTree = SDKROOT; };
		71E8857C1911FAEF005A78E0 /* GData.xcodeproj */ = {isa = PBXFileReference; lastKnownFileType = "wrapper.pb-project"; name = GData.xcodeproj; path = GData/GData.xcodeproj; sourceTree = "<group>"; };
		71E8859119120188005A78E0 /* SystemConfiguration.framework */ = {isa = PBXFileReference; lastKnownFileType = wrapper.framework; name = SystemConfiguration.framework; path = System/Library/Frameworks/SystemConfiguration.framework; sourceTree = SDKROOT; };
		71E88593191204CB005A78E0 /* GTMOAuth2ViewTouch.xib */ = {isa = PBXFileReference; fileEncoding = 4; lastKnownFileType = file.xib; path = GTMOAuth2ViewTouch.xib; sourceTree = "<group>"; };
		71E885A019120E7A005A78E0 /* PWOAuthManager.h */ = {isa = PBXFileReference; fileEncoding = 4; lastKnownFileType = sourcecode.c.h; path = PWOAuthManager.h; sourceTree = "<group>"; };
		71E885A119120E7A005A78E0 /* PWOAuthManager.m */ = {isa = PBXFileReference; fileEncoding = 4; lastKnownFileType = sourcecode.c.objc; path = PWOAuthManager.m; sourceTree = "<group>"; };
		71E885A4191215A1005A78E0 /* PWPicasaAPI.h */ = {isa = PBXFileReference; fileEncoding = 4; lastKnownFileType = sourcecode.c.h; path = PWPicasaAPI.h; sourceTree = "<group>"; };
		71E885A5191215A1005A78E0 /* PWPicasaAPI.m */ = {isa = PBXFileReference; fileEncoding = 4; lastKnownFileType = sourcecode.c.objc; path = PWPicasaAPI.m; sourceTree = "<group>"; };
		71E885A719122861005A78E0 /* XmlReader.h */ = {isa = PBXFileReference; fileEncoding = 4; lastKnownFileType = sourcecode.c.h; path = XmlReader.h; sourceTree = "<group>"; };
		71E885A819122861005A78E0 /* XmlReader.m */ = {isa = PBXFileReference; fileEncoding = 4; lastKnownFileType = sourcecode.c.objc; path = XmlReader.m; sourceTree = "<group>"; };
		71E885AC19123360005A78E0 /* PWModel.xcdatamodel */ = {isa = PBXFileReference; lastKnownFileType = wrapper.xcdatamodel; path = PWModel.xcdatamodel; sourceTree = "<group>"; };
/* End PBXFileReference section */

/* Begin PBXFrameworksBuildPhase section */
		71E884FB19115C7E005A78E0 /* Frameworks */ = {
			isa = PBXFrameworksBuildPhase;
			buildActionMask = 2147483647;
			files = (
				710461841917742A00DF369D /* CoreData.framework in Frameworks */,
				71E8859219120188005A78E0 /* SystemConfiguration.framework in Frameworks */,
				71E88590191200FF005A78E0 /* libGDataTouchStaticLib.a in Frameworks */,
				71E8856819115DBE005A78E0 /* Security.framework in Frameworks */,
				71E8850419115C7E005A78E0 /* CoreGraphics.framework in Frameworks */,
				71E8850619115C7E005A78E0 /* UIKit.framework in Frameworks */,
				71E8850219115C7E005A78E0 /* Foundation.framework in Frameworks */,
			);
			runOnlyForDeploymentPostprocessing = 0;
		};
		71E8851F19115C7E005A78E0 /* Frameworks */ = {
			isa = PBXFrameworksBuildPhase;
			buildActionMask = 2147483647;
			files = (
				71E8852419115C7E005A78E0 /* XCTest.framework in Frameworks */,
				71E8852619115C7E005A78E0 /* UIKit.framework in Frameworks */,
				71E8852519115C7E005A78E0 /* Foundation.framework in Frameworks */,
			);
			runOnlyForDeploymentPostprocessing = 0;
		};
/* End PBXFrameworksBuildPhase section */

/* Begin PBXGroup section */
		7104617A1917721F00DF369D /* PWPicasaParser */ = {
			isa = PBXGroup;
			children = (
				710461801917725200DF369D /* PWPicasaParser.h */,
				710461811917725200DF369D /* PWPicasaParser.m */,
			);
			name = PWPicasaParser;
			sourceTree = "<group>";
		};
		710461851917748000DF369D /* PWModelObject */ = {
			isa = PBXGroup;
			children = (
				719D92431917F62B00B75D8B /* PWModelObject.h */,
				719D92401917848A00B75D8B /* PWPhotoMediaContentObject.h */,
				719D92411917848A00B75D8B /* PWPhotoMediaContentObject.m */,
				719D923D1917848A00B75D8B /* PWGPhotoObject.h */,
				719D923E1917848A00B75D8B /* PWGPhotoObject.m */,
				719D923A1917848A00B75D8B /* PWPhotoLinkObject.h */,
				719D923B1917848A00B75D8B /* PWPhotoLinkObject.m */,
				719D92371917848A00B75D8B /* PWPhotoMediaObject.h */,
				719D92381917848A00B75D8B /* PWPhotoMediaObject.m */,
				719D92341917848A00B75D8B /* PWPhotoObject.h */,
				719D92351917848A00B75D8B /* PWPhotoObject.m */,
				719D92311917848A00B75D8B /* PWPhotoExitObject.h */,
				719D92321917848A00B75D8B /* PWPhotoExitObject.m */,
				719D922E1917848A00B75D8B /* PWPhotoMediaThumbnailObject.h */,
				719D922F1917848A00B75D8B /* PWPhotoMediaThumbnailObject.m */,
				719D922B1917848900B75D8B /* PWAlbumObject.h */,
				719D922C1917848900B75D8B /* PWAlbumObject.m */,
			);
			name = PWModelObject;
			sourceTree = "<group>";
		};
		710461A11917759E00DF369D /* PWCoreDataAPI */ = {
			isa = PBXGroup;
			children = (
				7104619E1917759900DF369D /* PWCoreDataAPI.h */,
				7104619F1917759900DF369D /* PWCoreDataAPI.m */,
			);
			name = PWCoreDataAPI;
			sourceTree = "<group>";
		};
		71E884F519115C7E005A78E0 = {
			isa = PBXGroup;
			children = (
				71E8850719115C7E005A78E0 /* PicasaWebAlbum */,
				71E8852919115C7E005A78E0 /* PicasaWebAlbumTests */,
				71E8850019115C7E005A78E0 /* Frameworks */,
				71E884FF19115C7E005A78E0 /* Products */,
			);
			sourceTree = "<group>";
		};
		71E884FF19115C7E005A78E0 /* Products */ = {
			isa = PBXGroup;
			children = (
				71E884FE19115C7E005A78E0 /* PicasaWebAlbum.app */,
				71E8852219115C7E005A78E0 /* PicasaWebAlbumTests.xctest */,
			);
			name = Products;
			sourceTree = "<group>";
		};
		71E8850019115C7E005A78E0 /* Frameworks */ = {
			isa = PBXGroup;
			children = (
				710461831917742A00DF369D /* CoreData.framework */,
				71E8859119120188005A78E0 /* SystemConfiguration.framework */,
				71E8857C1911FAEF005A78E0 /* GData.xcodeproj */,
				71E8856719115DBE005A78E0 /* Security.framework */,
				71E8850119115C7E005A78E0 /* Foundation.framework */,
				71E8850319115C7E005A78E0 /* CoreGraphics.framework */,
				71E8850519115C7E005A78E0 /* UIKit.framework */,
				71E8852319115C7E005A78E0 /* XCTest.framework */,
			);
			name = Frameworks;
			sourceTree = "<group>";
		};
		71E8850719115C7E005A78E0 /* PicasaWebAlbum */ = {
			isa = PBXGroup;
			children = (
				71E8859919120BFD005A78E0 /* PWAppDelegate */,
				71E8859519120BB9005A78E0 /* Model */,
				71E8859619120BBF005A78E0 /* View */,
				71E8859719120BC5005A78E0 /* ViewController */,
				71E8851C19115C7E005A78E0 /* Images.xcassets */,
				71E8850819115C7E005A78E0 /* Supporting Files */,
			);
			path = PicasaWebAlbum;
			sourceTree = "<group>";
		};
		71E8850819115C7E005A78E0 /* Supporting Files */ = {
			isa = PBXGroup;
			children = (
				71E8850919115C7E005A78E0 /* PicasaWebAlbum-Info.plist */,
				71E8850A19115C7E005A78E0 /* InfoPlist.strings */,
				71E8850D19115C7E005A78E0 /* main.m */,
				71E8850F19115C7E005A78E0 /* PicasaWebAlbum-Prefix.pch */,
			);
			name = "Supporting Files";
			sourceTree = "<group>";
		};
		71E8852919115C7E005A78E0 /* PicasaWebAlbumTests */ = {
			isa = PBXGroup;
			children = (
				71E8852F19115C7E005A78E0 /* PicasaWebAlbumTests.m */,
				71E8852A19115C7E005A78E0 /* Supporting Files */,
			);
			path = PicasaWebAlbumTests;
			sourceTree = "<group>";
		};
		71E8852A19115C7E005A78E0 /* Supporting Files */ = {
			isa = PBXGroup;
			children = (
				71E8852B19115C7E005A78E0 /* PicasaWebAlbumTests-Info.plist */,
				71E8852C19115C7E005A78E0 /* InfoPlist.strings */,
			);
			name = "Supporting Files";
			sourceTree = "<group>";
		};
		71E8857D1911FAEF005A78E0 /* Products */ = {
			isa = PBXGroup;
			children = (
				71E885851911FAEF005A78E0 /* GData.framework */,
				71E885871911FAEF005A78E0 /* libGDataTouchStaticLib.a */,
				71E885891911FAEF005A78E0 /* GDataUnitTests.octest */,
				71E8858B1911FAEF005A78E0 /* GDataIPhoneUnitTests.octest */,
				71E8858D1911FAEF005A78E0 /* DevelopmentTestTool */,
			);
			name = Products;
			sourceTree = "<group>";
		};
		71E8859519120BB9005A78E0 /* Model */ = {
			isa = PBXGroup;
			children = (
				71E885AB19123360005A78E0 /* PWModel.xcdatamodeld */,
				710461851917748000DF369D /* PWModelObject */,
				7104617A1917721F00DF369D /* PWPicasaParser */,
				71E885AA19123229005A78E0 /* XmlReader */,
				71E885A31912158D005A78E0 /* PWPicasaAPI */,
				71E8859819120BE8005A78E0 /* PWOAuthManager */,
				710461A11917759E00DF369D /* PWCoreDataAPI */,
			);
			name = Model;
			sourceTree = "<group>";
		};
		71E8859619120BBF005A78E0 /* View */ = {
			isa = PBXGroup;
			children = (
				71E8859B19120C2F005A78E0 /* StoryBoard */,
				71E8859A19120C24005A78E0 /* GTMOAuth2ViewTouch */,
			);
			name = View;
			sourceTree = "<group>";
		};
		71E8859719120BC5005A78E0 /* ViewController */ = {
			isa = PBXGroup;
			children = (
				71E8851919115C7E005A78E0 /* PWViewController.h */,
				71E8851A19115C7E005A78E0 /* PWViewController.m */,
			);
			name = ViewController;
			sourceTree = "<group>";
		};
		71E8859819120BE8005A78E0 /* PWOAuthManager */ = {
			isa = PBXGroup;
			children = (
				71E885A019120E7A005A78E0 /* PWOAuthManager.h */,
				71E885A119120E7A005A78E0 /* PWOAuthManager.m */,
			);
			name = PWOAuthManager;
			sourceTree = "<group>";
		};
		71E8859919120BFD005A78E0 /* PWAppDelegate */ = {
			isa = PBXGroup;
			children = (
				71E8851019115C7E005A78E0 /* PWAppDelegate.h */,
				71E8851119115C7E005A78E0 /* PWAppDelegate.m */,
			);
			name = PWAppDelegate;
			sourceTree = "<group>";
		};
		71E8859A19120C24005A78E0 /* GTMOAuth2ViewTouch */ = {
			isa = PBXGroup;
			children = (
				71E88593191204CB005A78E0 /* GTMOAuth2ViewTouch.xib */,
			);
			name = GTMOAuth2ViewTouch;
			sourceTree = "<group>";
		};
		71E8859B19120C2F005A78E0 /* StoryBoard */ = {
			isa = PBXGroup;
			children = (
				71E8851319115C7E005A78E0 /* Main_iPhone.storyboard */,
				71E8851619115C7E005A78E0 /* Main_iPad.storyboard */,
			);
			name = StoryBoard;
			sourceTree = "<group>";
		};
		71E885A31912158D005A78E0 /* PWPicasaAPI */ = {
			isa = PBXGroup;
			children = (
				71E885A4191215A1005A78E0 /* PWPicasaAPI.h */,
				71E885A5191215A1005A78E0 /* PWPicasaAPI.m */,
			);
			name = PWPicasaAPI;
			sourceTree = "<group>";
		};
		71E885AA19123229005A78E0 /* XmlReader */ = {
			isa = PBXGroup;
			children = (
				71E885A719122861005A78E0 /* XmlReader.h */,
				71E885A819122861005A78E0 /* XmlReader.m */,
			);
			name = XmlReader;
			sourceTree = "<group>";
		};
/* End PBXGroup section */

/* Begin PBXNativeTarget section */
		71E884FD19115C7E005A78E0 /* PicasaWebAlbum */ = {
			isa = PBXNativeTarget;
			buildConfigurationList = 71E8853319115C7E005A78E0 /* Build configuration list for PBXNativeTarget "PicasaWebAlbum" */;
			buildPhases = (
				71E884FA19115C7E005A78E0 /* Sources */,
				71E884FB19115C7E005A78E0 /* Frameworks */,
				71E884FC19115C7E005A78E0 /* Resources */,
			);
			buildRules = (
			);
			dependencies = (
			);
			name = PicasaWebAlbum;
			productName = PicasaWebAlbum;
			productReference = 71E884FE19115C7E005A78E0 /* PicasaWebAlbum.app */;
			productType = "com.apple.product-type.application";
		};
		71E8852119115C7E005A78E0 /* PicasaWebAlbumTests */ = {
			isa = PBXNativeTarget;
			buildConfigurationList = 71E8853619115C7E005A78E0 /* Build configuration list for PBXNativeTarget "PicasaWebAlbumTests" */;
			buildPhases = (
				71E8851E19115C7E005A78E0 /* Sources */,
				71E8851F19115C7E005A78E0 /* Frameworks */,
				71E8852019115C7E005A78E0 /* Resources */,
			);
			buildRules = (
			);
			dependencies = (
				71E8852819115C7E005A78E0 /* PBXTargetDependency */,
			);
			name = PicasaWebAlbumTests;
			productName = PicasaWebAlbumTests;
			productReference = 71E8852219115C7E005A78E0 /* PicasaWebAlbumTests.xctest */;
			productType = "com.apple.product-type.bundle.unit-test";
		};
/* End PBXNativeTarget section */

/* Begin PBXProject section */
		71E884F619115C7E005A78E0 /* Project object */ = {
			isa = PBXProject;
			attributes = {
				CLASSPREFIX = PW;
				LastUpgradeCheck = 0510;
				ORGANIZATIONNAME = "Keisuke Karijuku";
				TargetAttributes = {
					71E8852119115C7E005A78E0 = {
						TestTargetID = 71E884FD19115C7E005A78E0;
					};
				};
			};
			buildConfigurationList = 71E884F919115C7E005A78E0 /* Build configuration list for PBXProject "PicasaWebAlbum" */;
			compatibilityVersion = "Xcode 3.2";
			developmentRegion = English;
			hasScannedForEncodings = 0;
			knownRegions = (
				en,
				Base,
			);
			mainGroup = 71E884F519115C7E005A78E0;
			productRefGroup = 71E884FF19115C7E005A78E0 /* Products */;
			projectDirPath = "";
			projectReferences = (
				{
					ProductGroup = 71E8857D1911FAEF005A78E0 /* Products */;
					ProjectRef = 71E8857C1911FAEF005A78E0 /* GData.xcodeproj */;
				},
			);
			projectRoot = "";
			targets = (
				71E884FD19115C7E005A78E0 /* PicasaWebAlbum */,
				71E8852119115C7E005A78E0 /* PicasaWebAlbumTests */,
			);
		};
/* End PBXProject section */

/* Begin PBXReferenceProxy section */
		71E885851911FAEF005A78E0 /* GData.framework */ = {
			isa = PBXReferenceProxy;
			fileType = wrapper.framework;
			path = GData.framework;
			remoteRef = 71E885841911FAEF005A78E0 /* PBXContainerItemProxy */;
			sourceTree = BUILT_PRODUCTS_DIR;
		};
		71E885871911FAEF005A78E0 /* libGDataTouchStaticLib.a */ = {
			isa = PBXReferenceProxy;
			fileType = archive.ar;
			path = libGDataTouchStaticLib.a;
			remoteRef = 71E885861911FAEF005A78E0 /* PBXContainerItemProxy */;
			sourceTree = BUILT_PRODUCTS_DIR;
		};
		71E885891911FAEF005A78E0 /* GDataUnitTests.octest */ = {
			isa = PBXReferenceProxy;
			fileType = wrapper.cfbundle;
			path = GDataUnitTests.octest;
			remoteRef = 71E885881911FAEF005A78E0 /* PBXContainerItemProxy */;
			sourceTree = BUILT_PRODUCTS_DIR;
		};
		71E8858B1911FAEF005A78E0 /* GDataIPhoneUnitTests.octest */ = {
			isa = PBXReferenceProxy;
			fileType = wrapper.cfbundle;
			path = GDataIPhoneUnitTests.octest;
			remoteRef = 71E8858A1911FAEF005A78E0 /* PBXContainerItemProxy */;
			sourceTree = BUILT_PRODUCTS_DIR;
		};
		71E8858D1911FAEF005A78E0 /* DevelopmentTestTool */ = {
			isa = PBXReferenceProxy;
			fileType = "compiled.mach-o.executable";
			path = DevelopmentTestTool;
			remoteRef = 71E8858C1911FAEF005A78E0 /* PBXContainerItemProxy */;
			sourceTree = BUILT_PRODUCTS_DIR;
		};
/* End PBXReferenceProxy section */

/* Begin PBXResourcesBuildPhase section */
		71E884FC19115C7E005A78E0 /* Resources */ = {
			isa = PBXResourcesBuildPhase;
			buildActionMask = 2147483647;
			files = (
				71E88594191204CB005A78E0 /* GTMOAuth2ViewTouch.xib in Resources */,
				71E8851819115C7E005A78E0 /* Main_iPad.storyboard in Resources */,
				71E8851D19115C7E005A78E0 /* Images.xcassets in Resources */,
				71E8851519115C7E005A78E0 /* Main_iPhone.storyboard in Resources */,
				71E8850C19115C7E005A78E0 /* InfoPlist.strings in Resources */,
			);
			runOnlyForDeploymentPostprocessing = 0;
		};
		71E8852019115C7E005A78E0 /* Resources */ = {
			isa = PBXResourcesBuildPhase;
			buildActionMask = 2147483647;
			files = (
				71E8852E19115C7E005A78E0 /* InfoPlist.strings in Resources */,
			);
			runOnlyForDeploymentPostprocessing = 0;
		};
/* End PBXResourcesBuildPhase section */

/* Begin PBXSourcesBuildPhase section */
		71E884FA19115C7E005A78E0 /* Sources */ = {
			isa = PBXSourcesBuildPhase;
			buildActionMask = 2147483647;
			files = (
				719D92331917848A00B75D8B /* PWPhotoExitObject.m in Sources */,
				710461821917725200DF369D /* PWPicasaParser.m in Sources */,
				719D92361917848A00B75D8B /* PWPhotoObject.m in Sources */,
				71E885A919122861005A78E0 /* XmlReader.m in Sources */,
				71E8851B19115C7E005A78E0 /* PWViewController.m in Sources */,
				719D922D1917848900B75D8B /* PWAlbumObject.m in Sources */,
				719D923C1917848A00B75D8B /* PWPhotoLinkObject.m in Sources */,
				719D92421917848A00B75D8B /* PWPhotoMediaContentObject.m in Sources */,
				71E885AD19123360005A78E0 /* PWModel.xcdatamodeld in Sources */,
				71E885A6191215A1005A78E0 /* PWPicasaAPI.m in Sources */,
				719D92301917848A00B75D8B /* PWPhotoMediaThumbnailObject.m in Sources */,
				719D923F1917848A00B75D8B /* PWGPhotoObject.m in Sources */,
				71E8850E19115C7E005A78E0 /* main.m in Sources */,
				71E885A219120E7A005A78E0 /* PWOAuthManager.m in Sources */,
				71E8851219115C7E005A78E0 /* PWAppDelegate.m in Sources */,
				710461A01917759900DF369D /* PWCoreDataAPI.m in Sources */,
				719D92391917848A00B75D8B /* PWPhotoMediaObject.m in Sources */,
			);
			runOnlyForDeploymentPostprocessing = 0;
		};
		71E8851E19115C7E005A78E0 /* Sources */ = {
			isa = PBXSourcesBuildPhase;
			buildActionMask = 2147483647;
			files = (
				71E8853019115C7E005A78E0 /* PicasaWebAlbumTests.m in Sources */,
			);
			runOnlyForDeploymentPostprocessing = 0;
		};
/* End PBXSourcesBuildPhase section */

/* Begin PBXTargetDependency section */
		71E8852819115C7E005A78E0 /* PBXTargetDependency */ = {
			isa = PBXTargetDependency;
			target = 71E884FD19115C7E005A78E0 /* PicasaWebAlbum */;
			targetProxy = 71E8852719115C7E005A78E0 /* PBXContainerItemProxy */;
		};
/* End PBXTargetDependency section */

/* Begin PBXVariantGroup section */
		71E8850A19115C7E005A78E0 /* InfoPlist.strings */ = {
			isa = PBXVariantGroup;
			children = (
				71E8850B19115C7E005A78E0 /* en */,
			);
			name = InfoPlist.strings;
			sourceTree = "<group>";
		};
		71E8851319115C7E005A78E0 /* Main_iPhone.storyboard */ = {
			isa = PBXVariantGroup;
			children = (
				71E8851419115C7E005A78E0 /* Base */,
			);
			name = Main_iPhone.storyboard;
			sourceTree = "<group>";
		};
		71E8851619115C7E005A78E0 /* Main_iPad.storyboard */ = {
			isa = PBXVariantGroup;
			children = (
				71E8851719115C7E005A78E0 /* Base */,
			);
			name = Main_iPad.storyboard;
			sourceTree = "<group>";
		};
		71E8852C19115C7E005A78E0 /* InfoPlist.strings */ = {
			isa = PBXVariantGroup;
			children = (
				71E8852D19115C7E005A78E0 /* en */,
			);
			name = InfoPlist.strings;
			sourceTree = "<group>";
		};
/* End PBXVariantGroup section */

/* Begin XCBuildConfiguration section */
		71E8853119115C7E005A78E0 /* Debug */ = {
			isa = XCBuildConfiguration;
			buildSettings = {
				ALWAYS_SEARCH_USER_PATHS = NO;
				CLANG_CXX_LANGUAGE_STANDARD = "gnu++0x";
				CLANG_CXX_LIBRARY = "libc++";
				CLANG_ENABLE_MODULES = YES;
				CLANG_ENABLE_OBJC_ARC = YES;
				CLANG_WARN_BOOL_CONVERSION = YES;
				CLANG_WARN_CONSTANT_CONVERSION = YES;
				CLANG_WARN_DIRECT_OBJC_ISA_USAGE = YES_ERROR;
				CLANG_WARN_EMPTY_BODY = YES;
				CLANG_WARN_ENUM_CONVERSION = YES;
				CLANG_WARN_INT_CONVERSION = YES;
				CLANG_WARN_OBJC_ROOT_CLASS = YES_ERROR;
				CLANG_WARN__DUPLICATE_METHOD_MATCH = YES;
				"CODE_SIGN_IDENTITY[sdk=iphoneos*]" = "iPhone Developer";
				COPY_PHASE_STRIP = NO;
				GCC_C_LANGUAGE_STANDARD = gnu99;
				GCC_DYNAMIC_NO_PIC = NO;
				GCC_OPTIMIZATION_LEVEL = 0;
				GCC_PREPROCESSOR_DEFINITIONS = (
					"DEBUG=1",
					"$(inherited)",
				);
				GCC_SYMBOLS_PRIVATE_EXTERN = NO;
				GCC_WARN_64_TO_32_BIT_CONVERSION = YES;
				GCC_WARN_ABOUT_RETURN_TYPE = YES_ERROR;
				GCC_WARN_UNDECLARED_SELECTOR = YES;
				GCC_WARN_UNINITIALIZED_AUTOS = YES_AGGRESSIVE;
				GCC_WARN_UNUSED_FUNCTION = YES;
				GCC_WARN_UNUSED_VARIABLE = YES;
				IPHONEOS_DEPLOYMENT_TARGET = 7.1;
				ONLY_ACTIVE_ARCH = YES;
				SDKROOT = iphoneos;
				TARGETED_DEVICE_FAMILY = "1,2";
			};
			name = Debug;
		};
		71E8853219115C7E005A78E0 /* Release */ = {
			isa = XCBuildConfiguration;
			buildSettings = {
				ALWAYS_SEARCH_USER_PATHS = NO;
				CLANG_CXX_LANGUAGE_STANDARD = "gnu++0x";
				CLANG_CXX_LIBRARY = "libc++";
				CLANG_ENABLE_MODULES = YES;
				CLANG_ENABLE_OBJC_ARC = YES;
				CLANG_WARN_BOOL_CONVERSION = YES;
				CLANG_WARN_CONSTANT_CONVERSION = YES;
				CLANG_WARN_DIRECT_OBJC_ISA_USAGE = YES_ERROR;
				CLANG_WARN_EMPTY_BODY = YES;
				CLANG_WARN_ENUM_CONVERSION = YES;
				CLANG_WARN_INT_CONVERSION = YES;
				CLANG_WARN_OBJC_ROOT_CLASS = YES_ERROR;
				CLANG_WARN__DUPLICATE_METHOD_MATCH = YES;
				"CODE_SIGN_IDENTITY[sdk=iphoneos*]" = "iPhone Developer";
				COPY_PHASE_STRIP = YES;
				ENABLE_NS_ASSERTIONS = NO;
				GCC_C_LANGUAGE_STANDARD = gnu99;
				GCC_WARN_64_TO_32_BIT_CONVERSION = YES;
				GCC_WARN_ABOUT_RETURN_TYPE = YES_ERROR;
				GCC_WARN_UNDECLARED_SELECTOR = YES;
				GCC_WARN_UNINITIALIZED_AUTOS = YES_AGGRESSIVE;
				GCC_WARN_UNUSED_FUNCTION = YES;
				GCC_WARN_UNUSED_VARIABLE = YES;
				IPHONEOS_DEPLOYMENT_TARGET = 7.1;
				SDKROOT = iphoneos;
				TARGETED_DEVICE_FAMILY = "1,2";
				VALIDATE_PRODUCT = YES;
			};
			name = Release;
		};
		71E8853419115C7E005A78E0 /* Debug */ = {
			isa = XCBuildConfiguration;
			buildSettings = {
				ASSETCATALOG_COMPILER_APPICON_NAME = AppIcon;
				ASSETCATALOG_COMPILER_LAUNCHIMAGE_NAME = LaunchImage;
				GCC_PRECOMPILE_PREFIX_HEADER = YES;
				GCC_PREFIX_HEADER = "PicasaWebAlbum/PicasaWebAlbum-Prefix.pch";
				HEADER_SEARCH_PATHS = (
					"$(inherited)",
					/Applications/Xcode.app/Contents/Developer/Toolchains/XcodeDefault.xctoolchain/usr/include,
					"$(SRCROOT)/GData/**",
					/usr/include/libxml2,
				);
				INFOPLIST_FILE = "PicasaWebAlbum/PicasaWebAlbum-Info.plist";
				OTHER_LDFLAGS = (
					"-ObjC",
					"-lxml2",
				);
				PRODUCT_NAME = "$(TARGET_NAME)";
				WRAPPER_EXTENSION = app;
			};
			name = Debug;
		};
		71E8853519115C7E005A78E0 /* Release */ = {
			isa = XCBuildConfiguration;
			buildSettings = {
				ASSETCATALOG_COMPILER_APPICON_NAME = AppIcon;
				ASSETCATALOG_COMPILER_LAUNCHIMAGE_NAME = LaunchImage;
				GCC_PRECOMPILE_PREFIX_HEADER = YES;
				GCC_PREFIX_HEADER = "PicasaWebAlbum/PicasaWebAlbum-Prefix.pch";
				HEADER_SEARCH_PATHS = (
					"$(inherited)",
					/Applications/Xcode.app/Contents/Developer/Toolchains/XcodeDefault.xctoolchain/usr/include,
					"$(SRCROOT)/GData/**",
					/usr/include/libxml2,
				);
				INFOPLIST_FILE = "PicasaWebAlbum/PicasaWebAlbum-Info.plist";
				OTHER_LDFLAGS = (
					"-ObjC",
					"-lxml2",
				);
				PRODUCT_NAME = "$(TARGET_NAME)";
				WRAPPER_EXTENSION = app;
			};
			name = Release;
		};
		71E8853719115C7E005A78E0 /* Debug */ = {
			isa = XCBuildConfiguration;
			buildSettings = {
				BUNDLE_LOADER = "$(BUILT_PRODUCTS_DIR)/PicasaWebAlbum.app/PicasaWebAlbum";
				FRAMEWORK_SEARCH_PATHS = (
					"$(SDKROOT)/Developer/Library/Frameworks",
					"$(inherited)",
					"$(DEVELOPER_FRAMEWORKS_DIR)",
				);
				GCC_PRECOMPILE_PREFIX_HEADER = YES;
				GCC_PREFIX_HEADER = "PicasaWebAlbum/PicasaWebAlbum-Prefix.pch";
				GCC_PREPROCESSOR_DEFINITIONS = (
					"DEBUG=1",
					"$(inherited)",
				);
				INFOPLIST_FILE = "PicasaWebAlbumTests/PicasaWebAlbumTests-Info.plist";
				PRODUCT_NAME = "$(TARGET_NAME)";
				TEST_HOST = "$(BUNDLE_LOADER)";
				WRAPPER_EXTENSION = xctest;
			};
			name = Debug;
		};
		71E8853819115C7E005A78E0 /* Release */ = {
			isa = XCBuildConfiguration;
			buildSettings = {
				BUNDLE_LOADER = "$(BUILT_PRODUCTS_DIR)/PicasaWebAlbum.app/PicasaWebAlbum";
				FRAMEWORK_SEARCH_PATHS = (
					"$(SDKROOT)/Developer/Library/Frameworks",
					"$(inherited)",
					"$(DEVELOPER_FRAMEWORKS_DIR)",
				);
				GCC_PRECOMPILE_PREFIX_HEADER = YES;
				GCC_PREFIX_HEADER = "PicasaWebAlbum/PicasaWebAlbum-Prefix.pch";
				INFOPLIST_FILE = "PicasaWebAlbumTests/PicasaWebAlbumTests-Info.plist";
				PRODUCT_NAME = "$(TARGET_NAME)";
				TEST_HOST = "$(BUNDLE_LOADER)";
				WRAPPER_EXTENSION = xctest;
			};
			name = Release;
		};
/* End XCBuildConfiguration section */

/* Begin XCConfigurationList section */
		71E884F919115C7E005A78E0 /* Build configuration list for PBXProject "PicasaWebAlbum" */ = {
			isa = XCConfigurationList;
			buildConfigurations = (
				71E8853119115C7E005A78E0 /* Debug */,
				71E8853219115C7E005A78E0 /* Release */,
			);
			defaultConfigurationIsVisible = 0;
			defaultConfigurationName = Release;
		};
		71E8853319115C7E005A78E0 /* Build configuration list for PBXNativeTarget "PicasaWebAlbum" */ = {
			isa = XCConfigurationList;
			buildConfigurations = (
				71E8853419115C7E005A78E0 /* Debug */,
				71E8853519115C7E005A78E0 /* Release */,
			);
			defaultConfigurationIsVisible = 0;
			defaultConfigurationName = Release;
		};
		71E8853619115C7E005A78E0 /* Build configuration list for PBXNativeTarget "PicasaWebAlbumTests" */ = {
			isa = XCConfigurationList;
			buildConfigurations = (
				71E8853719115C7E005A78E0 /* Debug */,
				71E8853819115C7E005A78E0 /* Release */,
			);
			defaultConfigurationIsVisible = 0;
			defaultConfigurationName = Release;
		};
/* End XCConfigurationList section */

/* Begin XCVersionGroup section */
		71E885AB19123360005A78E0 /* PWModel.xcdatamodeld */ = {
			isa = XCVersionGroup;
			children = (
				71E885AC19123360005A78E0 /* PWModel.xcdatamodel */,
			);
			currentVersion = 71E885AC19123360005A78E0 /* PWModel.xcdatamodel */;
			path = PWModel.xcdatamodeld;
			sourceTree = "<group>";
			versionGroupType = wrapper.xcdatamodel;
		};
/* End XCVersionGroup section */
	};
	rootObject = 71E884F619115C7E005A78E0 /* Project object */;
}
