// !$*UTF8*$!
{
	archiveVersion = 1;
	classes = {
	};
	objectVersion = 46;
	objects = {

/* Begin PBXBuildFile section */
		71E8850219115C7E005A78E0 /* Foundation.framework in Frameworks */ = {isa = PBXBuildFile; fileRef = 71E8850119115C7E005A78E0 /* Foundation.framework */; };
		71E8850419115C7E005A78E0 /* CoreGraphics.framework in Frameworks */ = {isa = PBXBuildFile; fileRef = 71E8850319115C7E005A78E0 /* CoreGraphics.framework */; };
		71E8850619115C7E005A78E0 /* UIKit.framework in Frameworks */ = {isa = PBXBuildFile; fileRef = 71E8850519115C7E005A78E0 /* UIKit.framework */; };
		71E8850C19115C7E005A78E0 /* InfoPlist.strings in Resources */ = {isa = PBXBuildFile; fileRef = 71E8850A19115C7E005A78E0 /* InfoPlist.strings */; };
		71E8850E19115C7E005A78E0 /* main.m in Sources */ = {isa = PBXBuildFile; fileRef = 71E8850D19115C7E005A78E0 /* main.m */; };
		71E8851219115C7E005A78E0 /* PWAppDelegate.m in Sources */ = {isa = PBXBuildFile; fileRef = 71E8851119115C7E005A78E0 /* PWAppDelegate.m */; };
		71E8851519115C7E005A78E0 /* Main_iPhone.storyboard in Resources */ = {isa = PBXBuildFile; fileRef = 71E8851319115C7E005A78E0 /* Main_iPhone.storyboard */; };
		71E8851819115C7E005A78E0 /* Main_iPad.storyboard in Resources */ = {isa = PBXBuildFile; fileRef = 71E8851619115C7E005A78E0 /* Main_iPad.storyboard */; };
		71E8851B19115C7E005A78E0 /* PWViewController.m in Sources */ = {isa = PBXBuildFile; fileRef = 71E8851A19115C7E005A78E0 /* PWViewController.m */; };
		71E8851D19115C7E005A78E0 /* Images.xcassets in Resources */ = {isa = PBXBuildFile; fileRef = 71E8851C19115C7E005A78E0 /* Images.xcassets */; };
		71E8852419115C7E005A78E0 /* XCTest.framework in Frameworks */ = {isa = PBXBuildFile; fileRef = 71E8852319115C7E005A78E0 /* XCTest.framework */; };
		71E8852519115C7E005A78E0 /* Foundation.framework in Frameworks */ = {isa = PBXBuildFile; fileRef = 71E8850119115C7E005A78E0 /* Foundation.framework */; };
		71E8852619115C7E005A78E0 /* UIKit.framework in Frameworks */ = {isa = PBXBuildFile; fileRef = 71E8850519115C7E005A78E0 /* UIKit.framework */; };
		71E8852E19115C7E005A78E0 /* InfoPlist.strings in Resources */ = {isa = PBXBuildFile; fileRef = 71E8852C19115C7E005A78E0 /* InfoPlist.strings */; };
		71E8853019115C7E005A78E0 /* PicasaWebAlbumTests.m in Sources */ = {isa = PBXBuildFile; fileRef = 71E8852F19115C7E005A78E0 /* PicasaWebAlbumTests.m */; };
/* End PBXBuildFile section */

/* Begin PBXContainerItemProxy section */
		71E8852719115C7E005A78E0 /* PBXContainerItemProxy */ = {
			isa = PBXContainerItemProxy;
			containerPortal = 71E884F619115C7E005A78E0 /* Project object */;
			proxyType = 1;
			remoteGlobalIDString = 71E884FD19115C7E005A78E0;
			remoteInfo = PicasaWebAlbum;
		};
/* End PBXContainerItemProxy section */

/* Begin PBXFileReference section */
		71E884FE19115C7E005A78E0 /* PicasaWebAlbum.app */ = {isa = PBXFileReference; explicitFileType = wrapper.application; includeInIndex = 0; path = PicasaWebAlbum.app; sourceTree = BUILT_PRODUCTS_DIR; };
		71E8850119115C7E005A78E0 /* Foundation.framework */ = {isa = PBXFileReference; lastKnownFileType = wrapper.framework; name = Foundation.framework; path = System/Library/Frameworks/Foundation.framework; sourceTree = SDKROOT; };
		71E8850319115C7E005A78E0 /* CoreGraphics.framework */ = {isa = PBXFileReference; lastKnownFileType = wrapper.framework; name = CoreGraphics.framework; path = System/Library/Frameworks/CoreGraphics.framework; sourceTree = SDKROOT; };
		71E8850519115C7E005A78E0 /* UIKit.framework */ = {isa = PBXFileReference; lastKnownFileType = wrapper.framework; name = UIKit.framework; path = System/Library/Frameworks/UIKit.framework; sourceTree = SDKROOT; };
		71E8850919115C7E005A78E0 /* PicasaWebAlbum-Info.plist */ = {isa = PBXFileReference; lastKnownFileType = text.plist.xml; path = "PicasaWebAlbum-Info.plist"; sourceTree = "<group>"; };
		71E8850B19115C7E005A78E0 /* en */ = {isa = PBXFileReference; lastKnownFileType = text.plist.strings; name = en; path = en.lproj/InfoPlist.strings; sourceTree = "<group>"; };
		71E8850D19115C7E005A78E0 /* main.m */ = {isa = PBXFileReference; lastKnownFileType = sourcecode.c.objc; path = main.m; sourceTree = "<group>"; };
		71E8850F19115C7E005A78E0 /* PicasaWebAlbum-Prefix.pch */ = {isa = PBXFileReference; lastKnownFileType = sourcecode.c.h; path = "PicasaWebAlbum-Prefix.pch"; sourceTree = "<group>"; };
		71E8851019115C7E005A78E0 /* PWAppDelegate.h */ = {isa = PBXFileReference; lastKnownFileType = sourcecode.c.h; path = PWAppDelegate.h; sourceTree = "<group>"; };
		71E8851119115C7E005A78E0 /* PWAppDelegate.m */ = {isa = PBXFileReference; lastKnownFileType = sourcecode.c.objc; path = PWAppDelegate.m; sourceTree = "<group>"; };
		71E8851419115C7E005A78E0 /* Base */ = {isa = PBXFileReference; lastKnownFileType = file.storyboard; name = Base; path = Base.lproj/Main_iPhone.storyboard; sourceTree = "<group>"; };
		71E8851719115C7E005A78E0 /* Base */ = {isa = PBXFileReference; lastKnownFileType = file.storyboard; name = Base; path = Base.lproj/Main_iPad.storyboard; sourceTree = "<group>"; };
		71E8851919115C7E005A78E0 /* PWViewController.h */ = {isa = PBXFileReference; lastKnownFileType = sourcecode.c.h; path = PWViewController.h; sourceTree = "<group>"; };
		71E8851A19115C7E005A78E0 /* PWViewController.m */ = {isa = PBXFileReference; lastKnownFileType = sourcecode.c.objc; path = PWViewController.m; sourceTree = "<group>"; };
		71E8851C19115C7E005A78E0 /* Images.xcassets */ = {isa = PBXFileReference; lastKnownFileType = folder.assetcatalog; path = Images.xcassets; sourceTree = "<group>"; };
		71E8852219115C7E005A78E0 /* PicasaWebAlbumTests.xctest */ = {isa = PBXFileReference; explicitFileType = wrapper.cfbundle; includeInIndex = 0; path = PicasaWebAlbumTests.xctest; sourceTree = BUILT_PRODUCTS_DIR; };
		71E8852319115C7E005A78E0 /* XCTest.framework */ = {isa = PBXFileReference; lastKnownFileType = wrapper.framework; name = XCTest.framework; path = Library/Frameworks/XCTest.framework; sourceTree = DEVELOPER_DIR; };
		71E8852B19115C7E005A78E0 /* PicasaWebAlbumTests-Info.plist */ = {isa = PBXFileReference; lastKnownFileType = text.plist.xml; path = "PicasaWebAlbumTests-Info.plist"; sourceTree = "<group>"; };
		71E8852D19115C7E005A78E0 /* en */ = {isa = PBXFileReference; lastKnownFileType = text.plist.strings; name = en; path = en.lproj/InfoPlist.strings; sourceTree = "<group>"; };
		71E8852F19115C7E005A78E0 /* PicasaWebAlbumTests.m */ = {isa = PBXFileReference; lastKnownFileType = sourcecode.c.objc; path = PicasaWebAlbumTests.m; sourceTree = "<group>"; };
/* End PBXFileReference section */

/* Begin PBXFrameworksBuildPhase section */
		71E884FB19115C7E005A78E0 /* Frameworks */ = {
			isa = PBXFrameworksBuildPhase;
			buildActionMask = 2147483647;
			files = (
				71E8850419115C7E005A78E0 /* CoreGraphics.framework in Frameworks */,
				71E8850619115C7E005A78E0 /* UIKit.framework in Frameworks */,
				71E8850219115C7E005A78E0 /* Foundation.framework in Frameworks */,
			);
			runOnlyForDeploymentPostprocessing = 0;
		};
		71E8851F19115C7E005A78E0 /* Frameworks */ = {
			isa = PBXFrameworksBuildPhase;
			buildActionMask = 2147483647;
			files = (
				71E8852419115C7E005A78E0 /* XCTest.framework in Frameworks */,
				71E8852619115C7E005A78E0 /* UIKit.framework in Frameworks */,
				71E8852519115C7E005A78E0 /* Foundation.framework in Frameworks */,
			);
			runOnlyForDeploymentPostprocessing = 0;
		};
/* End PBXFrameworksBuildPhase section */

/* Begin PBXGroup section */
		71E884F519115C7E005A78E0 = {
			isa = PBXGroup;
			children = (
				71E8850719115C7E005A78E0 /* PicasaWebAlbum */,
				71E8852919115C7E005A78E0 /* PicasaWebAlbumTests */,
				71E8850019115C7E005A78E0 /* Frameworks */,
				71E884FF19115C7E005A78E0 /* Products */,
			);
			sourceTree = "<group>";
		};
		71E884FF19115C7E005A78E0 /* Products */ = {
			isa = PBXGroup;
			children = (
				71E884FE19115C7E005A78E0 /* PicasaWebAlbum.app */,
				71E8852219115C7E005A78E0 /* PicasaWebAlbumTests.xctest */,
			);
			name = Products;
			sourceTree = "<group>";
		};
		71E8850019115C7E005A78E0 /* Frameworks */ = {
			isa = PBXGroup;
			children = (
				71E8850119115C7E005A78E0 /* Foundation.framework */,
				71E8850319115C7E005A78E0 /* CoreGraphics.framework */,
				71E8850519115C7E005A78E0 /* UIKit.framework */,
				71E8852319115C7E005A78E0 /* XCTest.framework */,
			);
			name = Frameworks;
			sourceTree = "<group>";
		};
		71E8850719115C7E005A78E0 /* PicasaWebAlbum */ = {
			isa = PBXGroup;
			children = (
				71E8851019115C7E005A78E0 /* PWAppDelegate.h */,
				71E8851119115C7E005A78E0 /* PWAppDelegate.m */,
				71E8851319115C7E005A78E0 /* Main_iPhone.storyboard */,
				71E8851619115C7E005A78E0 /* Main_iPad.storyboard */,
				71E8851919115C7E005A78E0 /* PWViewController.h */,
				71E8851A19115C7E005A78E0 /* PWViewController.m */,
				71E8851C19115C7E005A78E0 /* Images.xcassets */,
				71E8850819115C7E005A78E0 /* Supporting Files */,
			);
			path = PicasaWebAlbum;
			sourceTree = "<group>";
		};
		71E8850819115C7E005A78E0 /* Supporting Files */ = {
			isa = PBXGroup;
			children = (
				71E8850919115C7E005A78E0 /* PicasaWebAlbum-Info.plist */,
				71E8850A19115C7E005A78E0 /* InfoPlist.strings */,
				71E8850D19115C7E005A78E0 /* main.m */,
				71E8850F19115C7E005A78E0 /* PicasaWebAlbum-Prefix.pch */,
			);
			name = "Supporting Files";
			sourceTree = "<group>";
		};
		71E8852919115C7E005A78E0 /* PicasaWebAlbumTests */ = {
			isa = PBXGroup;
			children = (
				71E8852F19115C7E005A78E0 /* PicasaWebAlbumTests.m */,
				71E8852A19115C7E005A78E0 /* Supporting Files */,
			);
			path = PicasaWebAlbumTests;
			sourceTree = "<group>";
		};
		71E8852A19115C7E005A78E0 /* Supporting Files */ = {
			isa = PBXGroup;
			children = (
				71E8852B19115C7E005A78E0 /* PicasaWebAlbumTests-Info.plist */,
				71E8852C19115C7E005A78E0 /* InfoPlist.strings */,
			);
			name = "Supporting Files";
			sourceTree = "<group>";
		};
/* End PBXGroup section */

/* Begin PBXNativeTarget section */
		71E884FD19115C7E005A78E0 /* PicasaWebAlbum */ = {
			isa = PBXNativeTarget;
			buildConfigurationList = 71E8853319115C7E005A78E0 /* Build configuration list for PBXNativeTarget "PicasaWebAlbum" */;
			buildPhases = (
				71E884FA19115C7E005A78E0 /* Sources */,
				71E884FB19115C7E005A78E0 /* Frameworks */,
				71E884FC19115C7E005A78E0 /* Resources */,
			);
			buildRules = (
			);
			dependencies = (
			);
			name = PicasaWebAlbum;
			productName = PicasaWebAlbum;
			productReference = 71E884FE19115C7E005A78E0 /* PicasaWebAlbum.app */;
			productType = "com.apple.product-type.application";
		};
		71E8852119115C7E005A78E0 /* PicasaWebAlbumTests */ = {
			isa = PBXNativeTarget;
			buildConfigurationList = 71E8853619115C7E005A78E0 /* Build configuration list for PBXNativeTarget "PicasaWebAlbumTests" */;
			buildPhases = (
				71E8851E19115C7E005A78E0 /* Sources */,
				71E8851F19115C7E005A78E0 /* Frameworks */,
				71E8852019115C7E005A78E0 /* Resources */,
			);
			buildRules = (
			);
			dependencies = (
				71E8852819115C7E005A78E0 /* PBXTargetDependency */,
			);
			name = PicasaWebAlbumTests;
			productName = PicasaWebAlbumTests;
			productReference = 71E8852219115C7E005A78E0 /* PicasaWebAlbumTests.xctest */;
			productType = "com.apple.product-type.bundle.unit-test";
		};
/* End PBXNativeTarget section */

/* Begin PBXProject section */
		71E884F619115C7E005A78E0 /* Project object */ = {
			isa = PBXProject;
			attributes = {
				CLASSPREFIX = PW;
				LastUpgradeCheck = 0510;
				ORGANIZATIONNAME = "Keisuke Karijuku";
				TargetAttributes = {
					71E8852119115C7E005A78E0 = {
						TestTargetID = 71E884FD19115C7E005A78E0;
					};
				};
			};
			buildConfigurationList = 71E884F919115C7E005A78E0 /* Build configuration list for PBXProject "PicasaWebAlbum" */;
			compatibilityVersion = "Xcode 3.2";
			developmentRegion = English;
			hasScannedForEncodings = 0;
			knownRegions = (
				en,
				Base,
			);
			mainGroup = 71E884F519115C7E005A78E0;
			productRefGroup = 71E884FF19115C7E005A78E0 /* Products */;
			projectDirPath = "";
			projectRoot = "";
			targets = (
				71E884FD19115C7E005A78E0 /* PicasaWebAlbum */,
				71E8852119115C7E005A78E0 /* PicasaWebAlbumTests */,
			);
		};
/* End PBXProject section */

/* Begin PBXResourcesBuildPhase section */
		71E884FC19115C7E005A78E0 /* Resources */ = {
			isa = PBXResourcesBuildPhase;
			buildActionMask = 2147483647;
			files = (
				71E8851819115C7E005A78E0 /* Main_iPad.storyboard in Resources */,
				71E8851D19115C7E005A78E0 /* Images.xcassets in Resources */,
				71E8851519115C7E005A78E0 /* Main_iPhone.storyboard in Resources */,
				71E8850C19115C7E005A78E0 /* InfoPlist.strings in Resources */,
			);
			runOnlyForDeploymentPostprocessing = 0;
		};
		71E8852019115C7E005A78E0 /* Resources */ = {
			isa = PBXResourcesBuildPhase;
			buildActionMask = 2147483647;
			files = (
				71E8852E19115C7E005A78E0 /* InfoPlist.strings in Resources */,
			);
			runOnlyForDeploymentPostprocessing = 0;
		};
/* End PBXResourcesBuildPhase section */

/* Begin PBXSourcesBuildPhase section */
		71E884FA19115C7E005A78E0 /* Sources */ = {
			isa = PBXSourcesBuildPhase;
			buildActionMask = 2147483647;
			files = (
				71E8851B19115C7E005A78E0 /* PWViewController.m in Sources */,
				71E8850E19115C7E005A78E0 /* main.m in Sources */,
				71E8851219115C7E005A78E0 /* PWAppDelegate.m in Sources */,
			);
			runOnlyForDeploymentPostprocessing = 0;
		};
		71E8851E19115C7E005A78E0 /* Sources */ = {
			isa = PBXSourcesBuildPhase;
			buildActionMask = 2147483647;
			files = (
				71E8853019115C7E005A78E0 /* PicasaWebAlbumTests.m in Sources */,
			);
			runOnlyForDeploymentPostprocessing = 0;
		};
/* End PBXSourcesBuildPhase section */

/* Begin PBXTargetDependency section */
		71E8852819115C7E005A78E0 /* PBXTargetDependency */ = {
			isa = PBXTargetDependency;
			target = 71E884FD19115C7E005A78E0 /* PicasaWebAlbum */;
			targetProxy = 71E8852719115C7E005A78E0 /* PBXContainerItemProxy */;
		};
/* End PBXTargetDependency section */

/* Begin PBXVariantGroup section */
		71E8850A19115C7E005A78E0 /* InfoPlist.strings */ = {
			isa = PBXVariantGroup;
			children = (
				71E8850B19115C7E005A78E0 /* en */,
			);
			name = InfoPlist.strings;
			sourceTree = "<group>";
		};
		71E8851319115C7E005A78E0 /* Main_iPhone.storyboard */ = {
			isa = PBXVariantGroup;
			children = (
				71E8851419115C7E005A78E0 /* Base */,
			);
			name = Main_iPhone.storyboard;
			sourceTree = "<group>";
		};
		71E8851619115C7E005A78E0 /* Main_iPad.storyboard */ = {
			isa = PBXVariantGroup;
			children = (
				71E8851719115C7E005A78E0 /* Base */,
			);
			name = Main_iPad.storyboard;
			sourceTree = "<group>";
		};
		71E8852C19115C7E005A78E0 /* InfoPlist.strings */ = {
			isa = PBXVariantGroup;
			children = (
				71E8852D19115C7E005A78E0 /* en */,
			);
			name = InfoPlist.strings;
			sourceTree = "<group>";
		};
/* End PBXVariantGroup section */

/* Begin XCBuildConfiguration section */
		71E8853119115C7E005A78E0 /* Debug */ = {
			isa = XCBuildConfiguration;
			buildSettings = {
				ALWAYS_SEARCH_USER_PATHS = NO;
				CLANG_CXX_LANGUAGE_STANDARD = "gnu++0x";
				CLANG_CXX_LIBRARY = "libc++";
				CLANG_ENABLE_MODULES = YES;
				CLANG_ENABLE_OBJC_ARC = YES;
				CLANG_WARN_BOOL_CONVERSION = YES;
				CLANG_WARN_CONSTANT_CONVERSION = YES;
				CLANG_WARN_DIRECT_OBJC_ISA_USAGE = YES_ERROR;
				CLANG_WARN_EMPTY_BODY = YES;
				CLANG_WARN_ENUM_CONVERSION = YES;
				CLANG_WARN_INT_CONVERSION = YES;
				CLANG_WARN_OBJC_ROOT_CLASS = YES_ERROR;
				CLANG_WARN__DUPLICATE_METHOD_MATCH = YES;
				"CODE_SIGN_IDENTITY[sdk=iphoneos*]" = "iPhone Developer";
				COPY_PHASE_STRIP = NO;
				GCC_C_LANGUAGE_STANDARD = gnu99;
				GCC_DYNAMIC_NO_PIC = NO;
				GCC_OPTIMIZATION_LEVEL = 0;
				GCC_PREPROCESSOR_DEFINITIONS = (
					"DEBUG=1",
					"$(inherited)",
				);
				GCC_SYMBOLS_PRIVATE_EXTERN = NO;
				GCC_WARN_64_TO_32_BIT_CONVERSION = YES;
				GCC_WARN_ABOUT_RETURN_TYPE = YES_ERROR;
				GCC_WARN_UNDECLARED_SELECTOR = YES;
				GCC_WARN_UNINITIALIZED_AUTOS = YES_AGGRESSIVE;
				GCC_WARN_UNUSED_FUNCTION = YES;
				GCC_WARN_UNUSED_VARIABLE = YES;
				IPHONEOS_DEPLOYMENT_TARGET = 7.1;
				ONLY_ACTIVE_ARCH = YES;
				SDKROOT = iphoneos;
				TARGETED_DEVICE_FAMILY = "1,2";
			};
			name = Debug;
		};
		71E8853219115C7E005A78E0 /* Release */ = {
			isa = XCBuildConfiguration;
			buildSettings = {
				ALWAYS_SEARCH_USER_PATHS = NO;
				CLANG_CXX_LANGUAGE_STANDARD = "gnu++0x";
				CLANG_CXX_LIBRARY = "libc++";
				CLANG_ENABLE_MODULES = YES;
				CLANG_ENABLE_OBJC_ARC = YES;
				CLANG_WARN_BOOL_CONVERSION = YES;
				CLANG_WARN_CONSTANT_CONVERSION = YES;
				CLANG_WARN_DIRECT_OBJC_ISA_USAGE = YES_ERROR;
				CLANG_WARN_EMPTY_BODY = YES;
				CLANG_WARN_ENUM_CONVERSION = YES;
				CLANG_WARN_INT_CONVERSION = YES;
				CLANG_WARN_OBJC_ROOT_CLASS = YES_ERROR;
				CLANG_WARN__DUPLICATE_METHOD_MATCH = YES;
				"CODE_SIGN_IDENTITY[sdk=iphoneos*]" = "iPhone Developer";
				COPY_PHASE_STRIP = YES;
				ENABLE_NS_ASSERTIONS = NO;
				GCC_C_LANGUAGE_STANDARD = gnu99;
				GCC_WARN_64_TO_32_BIT_CONVERSION = YES;
				GCC_WARN_ABOUT_RETURN_TYPE = YES_ERROR;
				GCC_WARN_UNDECLARED_SELECTOR = YES;
				GCC_WARN_UNINITIALIZED_AUTOS = YES_AGGRESSIVE;
				GCC_WARN_UNUSED_FUNCTION = YES;
				GCC_WARN_UNUSED_VARIABLE = YES;
				IPHONEOS_DEPLOYMENT_TARGET = 7.1;
				SDKROOT = iphoneos;
				TARGETED_DEVICE_FAMILY = "1,2";
				VALIDATE_PRODUCT = YES;
			};
			name = Release;
		};
		71E8853419115C7E005A78E0 /* Debug */ = {
			isa = XCBuildConfiguration;
			buildSettings = {
				ASSETCATALOG_COMPILER_APPICON_NAME = AppIcon;
				ASSETCATALOG_COMPILER_LAUNCHIMAGE_NAME = LaunchImage;
				GCC_PRECOMPILE_PREFIX_HEADER = YES;
				GCC_PREFIX_HEADER = "PicasaWebAlbum/PicasaWebAlbum-Prefix.pch";
				INFOPLIST_FILE = "PicasaWebAlbum/PicasaWebAlbum-Info.plist";
				PRODUCT_NAME = "$(TARGET_NAME)";
				WRAPPER_EXTENSION = app;
			};
			name = Debug;
		};
		71E8853519115C7E005A78E0 /* Release */ = {
			isa = XCBuildConfiguration;
			buildSettings = {
				ASSETCATALOG_COMPILER_APPICON_NAME = AppIcon;
				ASSETCATALOG_COMPILER_LAUNCHIMAGE_NAME = LaunchImage;
				GCC_PRECOMPILE_PREFIX_HEADER = YES;
				GCC_PREFIX_HEADER = "PicasaWebAlbum/PicasaWebAlbum-Prefix.pch";
				INFOPLIST_FILE = "PicasaWebAlbum/PicasaWebAlbum-Info.plist";
				PRODUCT_NAME = "$(TARGET_NAME)";
				WRAPPER_EXTENSION = app;
			};
			name = Release;
		};
		71E8853719115C7E005A78E0 /* Debug */ = {
			isa = XCBuildConfiguration;
			buildSettings = {
				BUNDLE_LOADER = "$(BUILT_PRODUCTS_DIR)/PicasaWebAlbum.app/PicasaWebAlbum";
				FRAMEWORK_SEARCH_PATHS = (
					"$(SDKROOT)/Developer/Library/Frameworks",
					"$(inherited)",
					"$(DEVELOPER_FRAMEWORKS_DIR)",
				);
				GCC_PRECOMPILE_PREFIX_HEADER = YES;
				GCC_PREFIX_HEADER = "PicasaWebAlbum/PicasaWebAlbum-Prefix.pch";
				GCC_PREPROCESSOR_DEFINITIONS = (
					"DEBUG=1",
					"$(inherited)",
				);
				INFOPLIST_FILE = "PicasaWebAlbumTests/PicasaWebAlbumTests-Info.plist";
				PRODUCT_NAME = "$(TARGET_NAME)";
				TEST_HOST = "$(BUNDLE_LOADER)";
				WRAPPER_EXTENSION = xctest;
			};
			name = Debug;
		};
		71E8853819115C7E005A78E0 /* Release */ = {
			isa = XCBuildConfiguration;
			buildSettings = {
				BUNDLE_LOADER = "$(BUILT_PRODUCTS_DIR)/PicasaWebAlbum.app/PicasaWebAlbum";
				FRAMEWORK_SEARCH_PATHS = (
					"$(SDKROOT)/Developer/Library/Frameworks",
					"$(inherited)",
					"$(DEVELOPER_FRAMEWORKS_DIR)",
				);
				GCC_PRECOMPILE_PREFIX_HEADER = YES;
				GCC_PREFIX_HEADER = "PicasaWebAlbum/PicasaWebAlbum-Prefix.pch";
				INFOPLIST_FILE = "PicasaWebAlbumTests/PicasaWebAlbumTests-Info.plist";
				PRODUCT_NAME = "$(TARGET_NAME)";
				TEST_HOST = "$(BUNDLE_LOADER)";
				WRAPPER_EXTENSION = xctest;
			};
			name = Release;
		};
/* End XCBuildConfiguration section */

/* Begin XCConfigurationList section */
		71E884F919115C7E005A78E0 /* Build configuration list for PBXProject "PicasaWebAlbum" */ = {
			isa = XCConfigurationList;
			buildConfigurations = (
				71E8853119115C7E005A78E0 /* Debug */,
				71E8853219115C7E005A78E0 /* Release */,
			);
			defaultConfigurationIsVisible = 0;
			defaultConfigurationName = Release;
		};
		71E8853319115C7E005A78E0 /* Build configuration list for PBXNativeTarget "PicasaWebAlbum" */ = {
			isa = XCConfigurationList;
			buildConfigurations = (
				71E8853419115C7E005A78E0 /* Debug */,
				71E8853519115C7E005A78E0 /* Release */,
			);
			defaultConfigurationIsVisible = 0;
		};
		71E8853619115C7E005A78E0 /* Build configuration list for PBXNativeTarget "PicasaWebAlbumTests" */ = {
			isa = XCConfigurationList;
			buildConfigurations = (
				71E8853719115C7E005A78E0 /* Debug */,
				71E8853819115C7E005A78E0 /* Release */,
			);
			defaultConfigurationIsVisible = 0;
		};
/* End XCConfigurationList section */
	};
	rootObject = 71E884F619115C7E005A78E0 /* Project object */;
}
